{
  "projects": [
    {
      "projectId": "enk3K4vZ6pmH6kVCoZJXGn",
      "version": "4.24.0",
      "dependencies": {},
      "lang": "ts",
      "fileLocks": [
        {
          "assetId": "enk3K4vZ6pmH6kVCoZJXGn",
          "type": "projectCss",
          "checksum": "46129a8140f7bf604dec903e19777f53"
        }
      ],
      "codegenVersion": "0.0.1"
    },
    {
      "projectId": "58GpZjZCWTaJ8AUhpCwt2K",
      "version": "3.26.0",
      "dependencies": {},
      "lang": "ts",
      "fileLocks": [
        {
          "assetId": "58GpZjZCWTaJ8AUhpCwt2K",
          "type": "projectCss",
          "checksum": "fd84921cc10936e6ceb458c2ae01c4bd"
        }
      ],
      "codegenVersion": "0.0.1"
    },
    {
      "projectId": "caTPwKxj5ZrD9LQ7DMdK4Z",
      "version": "3.38.0",
      "dependencies": {},
      "lang": "ts",
      "fileLocks": [
        {
          "assetId": "caTPwKxj5ZrD9LQ7DMdK4Z",
          "type": "projectCss",
          "checksum": "e1ec850476829c38b0f9b6d4f7ac446a"
        }
      ],
      "codegenVersion": "0.0.1"
    },
    {
      "projectId": "kS7YGZfVr6mU43XDQjXELc",
      "version": "0.16.0",
      "dependencies": {},
      "lang": "ts",
      "fileLocks": [
        {
          "assetId": "kS7YGZfVr6mU43XDQjXELc",
          "type": "projectCss",
          "checksum": "e1ec850476829c38b0f9b6d4f7ac446a"
        }
      ],
      "codegenVersion": "0.0.1"
    },
    {
      "projectId": "9Vr5YWkf3w7jj6SsTcCEta",
      "version": "0.11.0",
      "dependencies": {},
      "lang": "ts",
      "fileLocks": [
        {
          "assetId": "9Vr5YWkf3w7jj6SsTcCEta",
          "type": "projectCss",
          "checksum": "e1ec850476829c38b0f9b6d4f7ac446a"
        }
      ],
      "codegenVersion": "0.0.1"
    },
    {
      "projectId": "jkU633o1Cz7HrJdwdxhVHk",
      "version": "16.11.0",
      "dependencies": {},
      "lang": "ts",
      "fileLocks": [
        {
          "assetId": "jkU633o1Cz7HrJdwdxhVHk",
          "type": "projectCss",
          "checksum": "0581d4378bb1604bb5fe3f65bb0a37de"
        }
      ],
      "codegenVersion": "0.0.1"
    },
    {
      "projectId": "ohDidvG9XsCeFumugENU3J",
      "version": "6.26.0",
      "dependencies": {},
      "lang": "ts",
      "fileLocks": [
        {
          "assetId": "ohDidvG9XsCeFumugENU3J",
          "checksum": "de0a0e65174a6a185a8f822af51c6bdd",
          "type": "globalContexts"
        },
        {
          "assetId": "ohDidvG9XsCeFumugENU3J",
          "type": "projectCss",
          "checksum": "fd83b730367fdbde2c69bc6cf31c2a3c"
        }
      ],
      "codegenVersion": "0.0.1"
    },
    {
      "projectId": "tkmnpDqLBPFkHbb2kiGN2p",
      "version": "latest",
      "dependencies": {
        "ohDidvG9XsCeFumugENU3J": "6.26.0",
        "jkU633o1Cz7HrJdwdxhVHk": "16.11.0",
        "9Vr5YWkf3w7jj6SsTcCEta": "0.11.0",
        "kS7YGZfVr6mU43XDQjXELc": "0.16.0",
        "caTPwKxj5ZrD9LQ7DMdK4Z": "3.38.0",
        "58GpZjZCWTaJ8AUhpCwt2K": "3.26.0",
        "enk3K4vZ6pmH6kVCoZJXGn": "4.24.0",
        "sqPBLwEBBKHA2WDuGb17eV": "2.1.0",
        "vqeFwpZFQ6buChy6T9PGwQ": "0.10.0",
        "YUiM7yqBWAqsh8KSnrdj7": "0.30.0",
        "3m3vFk1dnCzZnwT8k489Jy": "0.4.0"
      },
      "lang": "ts",
      "fileLocks": [
        {
          "type": "globalVariant",
          "assetId": "90Ld_DEgHYIL",
          "checksum": "e9e0063de982b9c1d3adb1780e5e92a7"
        },
        {
          "assetId": "tkmnpDqLBPFkHbb2kiGN2p",
          "checksum": "c6f7049e470edd364822a168eef4c0ec",
          "type": "globalContexts"
        },
        {
          "type": "renderModule",
          "assetId": "dJ0z4nDGZNS6",
          "checksum": "dfff6e2ba3b8531161568922092c228d"
        },
        {
          "type": "cssRules",
          "assetId": "dJ0z4nDGZNS6",
          "checksum": "dfff6e2ba3b8531161568922092c228d"
        },
        {
          "type": "renderModule",
          "assetId": "qfHXCYL-eOeW",
          "checksum": "b19da17dee2b8524793120e5728b3523"
        },
        {
          "type": "cssRules",
          "assetId": "qfHXCYL-eOeW",
          "checksum": "b19da17dee2b8524793120e5728b3523"
        },
        {
          "type": "renderModule",
          "assetId": "bm7RsgXbCAG4",
          "checksum": "e9adc32a27ac040384a518935a7bfc8d"
        },
        {
          "type": "cssRules",
          "assetId": "bm7RsgXbCAG4",
          "checksum": "e9adc32a27ac040384a518935a7bfc8d"
        },
        {
          "type": "renderModule",
          "assetId": "mZjsIjnplLCg",
          "checksum": "eb656879f34a9430ff4de0aac8719641"
        },
        {
          "type": "cssRules",
          "assetId": "mZjsIjnplLCg",
          "checksum": "eb656879f34a9430ff4de0aac8719641"
        },
        {
          "type": "renderModule",
          "assetId": "UXSH7agX7pg7",
          "checksum": "3f8d1d93b937659a402923f0532d3a27"
        },
        {
          "type": "cssRules",
          "assetId": "UXSH7agX7pg7",
          "checksum": "3f8d1d93b937659a402923f0532d3a27"
        },
        {
          "type": "renderModule",
          "assetId": "vHVdjCT7BJDj",
          "checksum": "d2fc04b9a0cb1b323d44c9319ffb4640"
        },
        {
          "type": "cssRules",
          "assetId": "vHVdjCT7BJDj",
          "checksum": "d2fc04b9a0cb1b323d44c9319ffb4640"
        },
        {
          "type": "renderModule",
          "assetId": "aSaTcETCxkUE",
          "checksum": "cc5a1546b03a46584a8ded652f825da7"
        },
        {
          "type": "cssRules",
          "assetId": "aSaTcETCxkUE",
          "checksum": "cc5a1546b03a46584a8ded652f825da7"
        },
        {
          "type": "icon",
          "assetId": "ZFy5xTAvPq8a",
          "checksum": "62c7dd4d82d85c73f436c51405f98760"
        },
        {
          "type": "icon",
          "assetId": "uZdc6K5H3wOI",
          "checksum": "309b3d92df58c729ee829d494ea94ab8"
        },
        {
          "type": "icon",
          "assetId": "t2oufvxdLJ2j",
          "checksum": "3d400f9fc44dcc4d802c238d54bcbd63"
        },
        {
          "type": "icon",
          "assetId": "wOD5ZcJ3yLuQ",
          "checksum": "fa6547dbb8458684b09893404ebca0b9"
        },
        {
          "type": "icon",
          "assetId": "yMMSrtIwTsp1",
          "checksum": "1ee9eb6d1cea6b7e16481784a4998761"
        },
        {
          "type": "icon",
          "assetId": "3vJj0M5LV7Qp",
          "checksum": "41ddbdfeeb8bc544828905fd681dea12"
        },
        {
          "type": "icon",
          "assetId": "_jVqdhsMEAlH",
          "checksum": "fc76b73ce8f152e3f96c86405a91b8e4"
        },
        {
          "type": "icon",
          "assetId": "FjtBNnD6UHxW",
          "checksum": "d3d5fc0a920a4d5e967928163ee56a92"
        },
        {
          "type": "icon",
          "assetId": "1nUaJhC-URUa",
          "checksum": "1a85752a046ca4b2059293edc057daa7"
        },
        {
          "type": "icon",
          "assetId": "yNxmJnl3tIWw",
          "checksum": "22315adc170beaea37062bcaf0b122d9"
        },
        {
          "type": "icon",
          "assetId": "v3Lkzji6Benm",
          "checksum": "b6bfc1e242c4e88d8c8f32b19bceb002"
        },
        {
          "type": "icon",
          "assetId": "1PORKmCFcDdF",
          "checksum": "344f009088282c487daa4365f4464d54"
        },
        {
          "type": "icon",
          "assetId": "70bYqwblWDtA",
          "checksum": "83b29ca5ee89d27c5c4e7d54a1898019"
        },
        {
          "type": "icon",
          "assetId": "Ghatf7-g0aLh",
          "checksum": "67632f0f98812c8163e62f6ee56f8afc"
        },
        {
          "type": "icon",
          "assetId": "71SnS22G1cYq",
          "checksum": "1242b99ca93a903c8335099a920ebe81"
        },
        {
          "type": "icon",
          "assetId": "HsHyrudg9ntD",
          "checksum": "c59b6710f53ba139f6ca05b14b84e073"
        },
        {
          "type": "icon",
          "assetId": "zpmeAeUqH5SS",
          "checksum": "f26781ba5b48a1d37d9ce7200c90c39f"
        },
        {
          "type": "icon",
          "assetId": "SWWecKwVn0d4",
          "checksum": "3e92c743cd2a82087cce37229bfd30ac"
        },
        {
          "type": "icon",
          "assetId": "k2lj5z32e8ww",
          "checksum": "d627d545803d66cbe8b2f63c4187aaba"
        },
        {
          "type": "icon",
          "assetId": "mIr1gkdIrZV-",
          "checksum": "a91b48307a3015a2791cd57bde9f3f05"
        },
        {
          "type": "icon",
          "assetId": "IawKc8dKqxVV",
          "checksum": "79adf2a312c2680d0d29f65d2b482cdf"
        },
        {
          "type": "icon",
          "assetId": "NzGxjuZjtp0T",
          "checksum": "e889080c1772d2a6fdb8868be433f9d4"
        },
        {
          "type": "icon",
          "assetId": "eFOI5OfOSjby",
          "checksum": "6ea00ba21abdb987d2a8997686e72c1d"
        },
        {
          "type": "icon",
          "assetId": "gvvlT8-_vm0m",
          "checksum": "0c1f34602cd5a37eda9ffcb1e2bd1433"
        },
        {
          "type": "icon",
          "assetId": "LN1gDT1Tux0e",
          "checksum": "3e1031c0da0d54cf9d715c69d3065c86"
        },
        {
          "type": "icon",
          "assetId": "mpbhpBKgaerz",
          "checksum": "d891f4316d0c1a82c20046bbe8107ca0"
        },
        {
          "type": "icon",
          "assetId": "bpM_1uJebadQ",
          "checksum": "bff094ce691ca113d44f404e9be6babc"
        },
        {
          "type": "icon",
          "assetId": "W_KL-AbGlRhB",
          "checksum": "f6aa5d8558c735149f0e33dec2cdfba1"
        },
        {
          "type": "icon",
          "assetId": "pZnhK5qXhOCt",
          "checksum": "2d33387ae0bf9ce5c4d24411ef9a6d21"
        },
        {
          "type": "icon",
          "assetId": "0quL8CUSFmGI",
          "checksum": "414a1ec69eda902bcfd57d84f7c38d01"
        },
        {
          "type": "icon",
          "assetId": "bIomi4t8HtuG",
          "checksum": "1082f9edcc5bfcfad47b02c0adb63548"
        },
        {
          "type": "icon",
          "assetId": "ULK8L9JjC6xt",
          "checksum": "79dae7d234604702f0d00419edf9eed4"
        },
        {
          "type": "icon",
          "assetId": "wKJ9vsHHWz-w",
          "checksum": "9e482d2364f8c0e253c4a5004532579f"
        },
        {
          "type": "icon",
          "assetId": "ygtG8dOE2FDd",
          "checksum": "c44d4ce91840bd39ea90e20a118f225a"
        },
        {
          "type": "icon",
          "assetId": "WmMYUmfRSKZ0",
          "checksum": "c696373554072f7b25b2420b3bd10ac1"
        },
        {
          "type": "icon",
          "assetId": "p91y3lul4FB2",
          "checksum": "4aa02535e157be02272c6cf361fc8bef"
        },
        {
          "type": "icon",
          "assetId": "A6L8iSfKCSfc",
          "checksum": "dcf1f8b1f050b9daddd15a4a1560fd67"
        },
        {
          "type": "icon",
          "assetId": "uCDZdALb3qxF",
          "checksum": "f588c02d31c466763e18cfa4ac8afeab"
        },
        {
          "type": "icon",
          "assetId": "F-UG6e1YPJgx",
          "checksum": "5ef0dde26770146cf875c096b83706d4"
        },
        {
          "type": "icon",
          "assetId": "n9F7yCLi05dg",
          "checksum": "902cd0f86668c3023fdf684016b871f5"
        },
        {
          "type": "icon",
          "assetId": "tdKAOUq2yyAw",
          "checksum": "f456988f94d3313e3ca86addc71b724c"
        },
        {
          "type": "icon",
          "assetId": "4tx6shun3-Hl",
          "checksum": "2cc1226e316635d0b1343343965e9725"
        },
        {
          "type": "icon",
          "assetId": "hzzu6SEb6Agc",
          "checksum": "8a63d3d2942c760b16bd6b55f2487a50"
        },
        {
          "type": "icon",
          "assetId": "Ww18c5fQQpXZ",
          "checksum": "e96f49b0c84a0c1d325370db48157b2b"
        },
        {
          "type": "icon",
          "assetId": "mGQ_CyYOap1I",
          "checksum": "ae1be6272533169b4486bc91e834a57d"
        },
        {
          "type": "icon",
          "assetId": "LFyfrqsBIRKg",
          "checksum": "4ec18c5e06798ba94040bfb7db9d2385"
        },
        {
          "type": "icon",
          "assetId": "JRGt3b59rTTh",
          "checksum": "d90e7b1697067a2d3e41f08994e16d78"
        },
        {
          "type": "icon",
          "assetId": "BU8h4xEV16i0",
          "checksum": "d8ac7e153f8b38baebae7766f8f675dc"
        },
        {
          "type": "icon",
          "assetId": "MMvUpBX0b4sS",
          "checksum": "1e9e0dfecf7abd10998e1c148271a883"
        },
        {
          "type": "icon",
          "assetId": "H1IR0hG3_VUC",
          "checksum": "cb3154b49dde4866c13024137be01f40"
        },
        {
          "type": "icon",
          "assetId": "chUxViH_7gTK",
          "checksum": "ce59f3c2fbf5b3248f8fb8b55f720d60"
        },
        {
          "type": "icon",
          "assetId": "K8QsuImp3Zf1",
          "checksum": "ec015aea97c7b241eddacd77b3e7aaa4"
        },
        {
          "type": "icon",
          "assetId": "FnTrxo5hMvvM",
          "checksum": "a7c68f1c0c6c0edadc2f89640835d2dc"
        },
        {
          "type": "icon",
          "assetId": "V8TjgkvySnsD",
          "checksum": "4bcc2ca6737317e3e84ac3e0f5e130c3"
        },
        {
          "type": "icon",
          "assetId": "peMP9SPq-dqU",
          "checksum": "17cec07c0f781f7b0716607dbf27e6a4"
        },
        {
          "type": "icon",
          "assetId": "HfSMhfZ6S6Tr",
          "checksum": "315bdf5f53ee68e2d9b29152946d65be"
        },
        {
          "type": "icon",
          "assetId": "xBJe9hrm7W5M",
          "checksum": "dedb0ccae9ea98465a9e458190559032"
        },
        {
          "type": "icon",
          "assetId": "_nFiJBwAFGxu",
          "checksum": "e9783b29db84458d6b9ac26e035ded99"
        },
        {
          "type": "icon",
          "assetId": "4twW3mkx4lys",
          "checksum": "8ae72abc176f33f2d3c4a2a8853c7af3"
        },
        {
          "type": "icon",
          "assetId": "5FKEt9CBcbVz",
          "checksum": "fe927fbe0b3401522dbed12bf4374d05"
        },
        {
          "type": "icon",
          "assetId": "FMe_Sq7EmQPI",
          "checksum": "973cf8fa33fbc8a8ef268c26ab1c3054"
        },
        {
          "type": "icon",
          "assetId": "BRcL18ZVm6MC",
          "checksum": "6d445a38e346318f7e9dc28a5b3644b3"
        },
        {
          "type": "icon",
          "assetId": "KtxtoOmIYFoD",
          "checksum": "7923d5c4742b5e672ee6e5fb72701555"
        },
        {
          "type": "icon",
          "assetId": "nuVz3DPGUpvp",
          "checksum": "6af454b2d3fb5df2b52daf4e553ba346"
        },
        {
          "type": "icon",
          "assetId": "rsP4mGz6iamP",
          "checksum": "e72d2dbdab57f604fd642beec6712dd5"
        },
        {
          "type": "icon",
          "assetId": "m_w2srfpaL21",
          "checksum": "15488e4c7e86c8b493cad83c74bbfbc3"
        },
        {
          "type": "icon",
          "assetId": "ohxH7xg7PIDw",
          "checksum": "afb5045e62d444dd85a2afe75bfd7dc9"
        },
        {
          "type": "icon",
          "assetId": "wZxCSw428OVh",
          "checksum": "731f3c362b230813330ae20333a8a366"
        },
        {
          "type": "icon",
          "assetId": "UBJo-u6n4j-Q",
          "checksum": "c0043aa6cf557985a4229fa483f0d852"
        },
        {
          "type": "icon",
          "assetId": "cJoe5io_YSdi",
          "checksum": "2c51ce45a0826e4f26f4e2d45cb2920a"
        },
        {
          "type": "image",
          "assetId": "d2zNv92v5Wx4",
          "checksum": "9599cb183e57268af167ff4c34078f66"
        },
        {
          "type": "image",
          "assetId": "RrUAVJUnPraP",
          "checksum": "5abc9b47d90b1d82f0d437e2ae41b808"
        },
        {
          "type": "image",
          "assetId": "wIPdjQ3sXyC4",
          "checksum": "bb923490cbdcfafb108227158ecd6340"
        },
        {
          "type": "image",
          "assetId": "MkNntio9j3pt",
          "checksum": "56d41c7d90ab60b91f9188d254d8d673"
        },
        {
          "type": "image",
          "assetId": "ANd1tzmjArcI",
          "checksum": "19367fe3983318d64883d137df6d4d62"
        },
        {
          "type": "image",
          "assetId": "LWZWwFCZ_nqY",
          "checksum": "38637c73b6ab7e131d171e3ecd791a32"
        },
        {
          "type": "image",
          "assetId": "R3Y9qtHvSksg",
          "checksum": "7023364afda378cff6fa73ea67914148"
        },
        {
          "type": "image",
          "assetId": "VWHleJoC5MVQ",
          "checksum": "c2153eef84f40946e5bd039bc07825a4"
        },
        {
          "type": "image",
          "assetId": "IDPUktbrM2Xw",
          "checksum": "3e30c96b6a40459e5d644f41305f95b2"
        },
        {
          "type": "image",
          "assetId": "qBYAE6Z7YRHi",
          "checksum": "c72f96b931c35d709fb4bf63e77836ef"
        },
        {
          "type": "image",
          "assetId": "t12axmO9OOKg",
          "checksum": "da56adce70fe16449f64c3b4376de6c8"
        },
        {
          "type": "image",
          "assetId": "XAGyzmZxfpeP",
          "checksum": "91c38c4343f7d7f253c8c79ef9e2b09a"
        },
        {
          "type": "image",
          "assetId": "AOr9D--tCznU",
          "checksum": "b0dd30a53ca04f146dbaaa45cd69688c"
        },
        {
          "type": "image",
          "assetId": "0E8MhEntzWrX",
          "checksum": "171e005450f22a8c8955d6fa57efa764"
        },
        {
          "type": "image",
          "assetId": "ztltVTg-Yer1",
          "checksum": "a5bd374a0605d2b301dc1813deed5e14"
        },
        {
          "type": "image",
          "assetId": "lITp1b4t_0O_",
          "checksum": "de5c9c7d13ed3f15f441c8d507ba7512"
        },
        {
          "type": "image",
          "assetId": "G-SVID3ZLdU5",
          "checksum": "9fafea95816009ba3b74ab55f289ca3c"
        },
        {
          "type": "image",
          "assetId": "KW3Xa_pwOiUf",
          "checksum": "7ea0b79f8b7939d53cfaf10c978b0379"
        },
        {
          "type": "image",
          "assetId": "ZV5eJynrEwQQ",
          "checksum": "54d6ca96453b2040e980dc6cc2b1fe01"
        },
        {
          "type": "image",
          "assetId": "d4doFDsAzJje",
          "checksum": "0d0a9a02906399cc72645dd6bac762b8"
        },
        {
          "type": "image",
          "assetId": "0gk_e99IPLWq",
          "checksum": "e8c1a6a4393d3bfbc3651cb88000e4ef"
        },
        {
          "type": "image",
          "assetId": "vz5iJaKdWCpS",
          "checksum": "c96014c34e2f324d69ad638df69e2659"
        },
        {
          "type": "image",
          "assetId": "0WaaPPs-oQJY",
          "checksum": "145714755fdbe3fa09a8deb19d5c6ab6"
        },
        {
          "type": "image",
          "assetId": "uOfMwsKRu44u",
          "checksum": "5e2b4e9d0ef35e57de2f89e8a6296689"
        },
        {
          "type": "image",
          "assetId": "LpDkMqcUyV11",
          "checksum": "da40186455ab946c8a4bc700cd362213"
        },
        {
          "type": "image",
          "assetId": "SwJ3kbufMsR9",
          "checksum": "7f4cd8a1cb61d2d6c779d722afe53752"
        },
        {
          "type": "image",
          "assetId": "9maI4suqjRyh",
          "checksum": "4ea3bb530a44f984184d42855b1577d3"
        },
        {
          "type": "image",
          "assetId": "9erZ85kAd_r-",
          "checksum": "71f80ddaa26b1db31b6f8109da21e7bc"
        },
        {
          "type": "image",
          "assetId": "GDqR6ssgvMhh",
          "checksum": "0165592051f3e776c9295fbab219f844"
        },
        {
          "type": "image",
          "assetId": "XGiSlGaVRRHW",
          "checksum": "a76246dc01f9f14eb58ee7d8ea6e39b1"
        },
        {
          "type": "image",
          "assetId": "M_-0x4p2ks1t",
          "checksum": "eeb96dcb42d91615e6a9eea1218c80fb"
        },
        {
          "type": "image",
          "assetId": "FyehkVPYyYV2",
          "checksum": "ebe72994867863881123b03b9b7d04b1"
        },
        {
          "type": "image",
          "assetId": "qJaODYDwThqj",
          "checksum": "1828dc3301ff2ef407fbe534cbe392f8"
        },
        {
          "type": "image",
          "assetId": "yaZdLvM9sTf-",
          "checksum": "62cff89427a947fde0af481bfc831d8a"
        },
        {
          "type": "image",
          "assetId": "7DXpwzT_US5k",
          "checksum": "6f1b1866a4a9fd7ca70bdbd225ae08de"
        },
        {
          "type": "image",
          "assetId": "ZWZ771YXHhoi",
          "checksum": "719f8b38736822c74806a0caee162012"
        },
        {
          "type": "image",
          "assetId": "FuXV1_5enPAE",
          "checksum": "bd2f7c6fdf8ed07dece165ca56209e9f"
        },
        {
          "type": "image",
          "assetId": "Ww5KG2FP_kIe",
          "checksum": "3f622a56ab412794db97a7cecc6c6fdf"
        },
        {
          "type": "renderModule",
          "assetId": "LEnLfYYbGIPr",
          "checksum": "4185887be64f524f7bf1af5740be7cb9"
        },
        {
          "type": "cssRules",
          "assetId": "LEnLfYYbGIPr",
          "checksum": "4185887be64f524f7bf1af5740be7cb9"
        },
        {
          "type": "renderModule",
          "assetId": "4YRhTQq6HSy0",
          "checksum": "716676233962acaaf4e3a5391a8999b6"
        },
        {
          "type": "cssRules",
          "assetId": "4YRhTQq6HSy0",
          "checksum": "716676233962acaaf4e3a5391a8999b6"
        },
        {
          "type": "renderModule",
          "assetId": "otmq_-sWwXFs",
          "checksum": "646bde80b02c3a8adcb89e6ad9561fdb"
        },
        {
          "type": "cssRules",
          "assetId": "otmq_-sWwXFs",
          "checksum": "646bde80b02c3a8adcb89e6ad9561fdb"
        },
        {
          "type": "renderModule",
          "assetId": "GeIyNLTRGj3T",
          "checksum": "74916c4df79e02fa3e2317e5a521a465"
        },
        {
          "type": "cssRules",
          "assetId": "GeIyNLTRGj3T",
          "checksum": "74916c4df79e02fa3e2317e5a521a465"
        },
        {
          "type": "renderModule",
          "assetId": "r0dpvCRWWXBR",
          "checksum": "015075b1e3e5cec92cc9268449bd60bc"
        },
        {
          "type": "cssRules",
          "assetId": "r0dpvCRWWXBR",
          "checksum": "015075b1e3e5cec92cc9268449bd60bc"
        },
        {
          "type": "icon",
          "assetId": "qYGCevWdJhLx",
          "checksum": "96ae7a5b462a7e4c2fed6defa7e2a701"
        },
        {
          "type": "icon",
          "assetId": "uvRS8ceWkoSL",
          "checksum": "22bb510b16ca37299bd1d5af22048f0e"
        },
        {
          "type": "icon",
          "assetId": "zGq6elTBcOm4",
          "checksum": "b420f938ab433465454baa19eee4b2a2"
        },
        {
          "type": "icon",
          "assetId": "xrjf5RPtuahF",
          "checksum": "b35c764a314101726d043b9d48da1381"
        },
        {
          "type": "icon",
          "assetId": "dqZVEtD_E7L4",
          "checksum": "f1df1993c0c9aa64c02542eae2257137"
        },
        {
          "type": "icon",
          "assetId": "XEmZ_KE4kOJn",
          "checksum": "70185d2009f67ce16221502e5ad90eb5"
        },
        {
          "type": "icon",
          "assetId": "Wfs0TLB_QHxx",
          "checksum": "039c8547bf2364463eff0f8b9bc2ba1f"
        },
        {
          "type": "icon",
          "assetId": "jzV0VpeVYMS6",
          "checksum": "d24677fe25e2338ebfbd1794bbedda15"
        },
        {
          "type": "icon",
          "assetId": "I6P2P1Q1BQMT",
          "checksum": "5a43afa54b3aba4494d66baf3a99c182"
        },
        {
          "type": "icon",
          "assetId": "SMRr1e4nQg0g",
          "checksum": "2dc22c3e7168d7c0fad5e2ddb5366dbf"
        },
        {
          "type": "image",
          "assetId": "RGNjIV2IYtbM",
          "checksum": "4bba8339e1bd41a4084f8aa9fae5182a"
        },
        {
          "type": "renderModule",
          "assetId": "tuY1E1btiVZ1",
          "checksum": "64df1c946a748b9f2674901d6e10866f"
        },
        {
          "type": "cssRules",
          "assetId": "tuY1E1btiVZ1",
          "checksum": "64df1c946a748b9f2674901d6e10866f"
        },
        {
          "type": "renderModule",
          "assetId": "jBduVDN7iRsf",
          "checksum": "6e955fcef7eb9a31ed35189ed3a999ab"
        },
        {
          "type": "cssRules",
          "assetId": "jBduVDN7iRsf",
          "checksum": "6e955fcef7eb9a31ed35189ed3a999ab"
        },
        {
          "type": "image",
          "assetId": "0-PrBNUYkjp8",
          "checksum": "39b76b9dcadd09c4d80066148b179b0d"
        },
        {
          "type": "image",
          "assetId": "6TOaRiSDk0nS",
          "checksum": "dafb99bf088fdb578d7ba66eecc7dd28"
        },
        {
          "assetId": "tkmnpDqLBPFkHbb2kiGN2p",
          "type": "projectCss",
          "checksum": "4b75a07b4abeb500812702c26e143972"
        },
        {
          "type": "renderModule",
          "assetId": "c79l0iO1D1hR",
          "checksum": "d42e86d1365918627226b00a782dfc56"
        },
        {
          "type": "cssRules",
          "assetId": "c79l0iO1D1hR",
          "checksum": "d42e86d1365918627226b00a782dfc56"
        },
        {
          "type": "image",
          "assetId": "6EYuyPoMWwD9",
          "checksum": "fa48819592867f591fca9fbe2e98bab3"
        },
        {
          "type": "image",
          "assetId": "XEqtpsryFseu",
          "checksum": "dde8a59c5c7533f72c0880064abf438f"
        },
        {
          "type": "image",
          "assetId": "BXhxHs1lq0Cn",
          "checksum": "78768879eadac1725125c59cf4f9f277"
        },
        {
          "type": "image",
          "assetId": "Cf6otuA6tiqD",
          "checksum": "46d626e5b09fd24ba0d3ec837114e207"
        }
      ],
      "codegenVersion": "0.0.1"
    },
    {
      "projectId": "3m3vFk1dnCzZnwT8k489Jy",
      "version": "0.4.0",
      "dependencies": {},
      "lang": "ts",
      "fileLocks": [
        {
          "assetId": "3m3vFk1dnCzZnwT8k489Jy",
          "type": "projectCss",
          "checksum": "e1ec850476829c38b0f9b6d4f7ac446a"
        }
      ],
      "codegenVersion": "0.0.1"
    },
    {
      "projectId": "YUiM7yqBWAqsh8KSnrdj7",
      "version": "0.30.0",
      "dependencies": {},
      "lang": "ts",
      "fileLocks": [
        {
          "assetId": "YUiM7yqBWAqsh8KSnrdj7",
          "type": "projectCss",
          "checksum": "dac72600b04b6e6a3014e82512a15fe1"
        }
      ],
      "codegenVersion": "0.0.1"
    },
    {
      "projectId": "vqeFwpZFQ6buChy6T9PGwQ",
      "version": "0.10.0",
      "dependencies": {},
      "lang": "ts",
      "fileLocks": [
        {
          "assetId": "vqeFwpZFQ6buChy6T9PGwQ",
          "type": "projectCss",
          "checksum": "e1ec850476829c38b0f9b6d4f7ac446a"
        }
      ],
      "codegenVersion": "0.0.1"
    },
    {
      "projectId": "sqPBLwEBBKHA2WDuGb17eV",
      "version": "2.1.0",
      "dependencies": {},
      "lang": "ts",
      "fileLocks": [
        {
          "type": "renderModule",
          "assetId": "5nirPCGmCnRD",
          "checksum": "894bd3c651fb8ace75ecf7cb503a16d6"
        },
        {
          "type": "cssRules",
          "assetId": "5nirPCGmCnRD",
          "checksum": "894bd3c651fb8ace75ecf7cb503a16d6"
        },
        {
          "type": "icon",
          "assetId": "Wyt3GMMsLefj",
          "checksum": "d2b1886763aa016780501d0c22f50b5e"
        },
        {
          "type": "icon",
          "assetId": "MbDRsJU0e3bw",
          "checksum": "92672aa6935120ebaac11939d8d127bb"
        },
        {
          "assetId": "sqPBLwEBBKHA2WDuGb17eV",
          "type": "projectCss",
          "checksum": "e1ec850476829c38b0f9b6d4f7ac446a"
        }
      ],
      "codegenVersion": "0.0.1"
    }
  ],
  "cliVersion": "0.1.331"
}
